
Microsoft Visual Studio Solution File, Format Version 12.00
# Visual Studio Version 17
VisualStudioVersion = 17.0.31903.59
MinimumVisualStudioVersion = 10.0.40219.1
Project("{FAE04EC0-301F-11D3-BF4B-00C04F79EFBC}") = "MaquinaDinero", "MaquinaDinero\MaquinaDinero.csproj", "{749D175E-927F-4C7D-BE93-5739C8FAD35F}"
EndProject
Global
	GlobalSection(SolutionConfigurationPlatforms) = preSolution
		Debug|Any CPU = Debug|Any CPU
		Release|Any CPU = Release|Any CPU
	EndGlobalSection
	GlobalSection(ProjectConfigurationPlatforms) = postSolution
		{749D175E-927F-4C7D-BE93-5739C8FAD35F}.Debug|Any CPU.ActiveCfg = Debug|Any CPU
		{749D175E-927F-4C7D-BE93-5739C8FAD35F}.Debug|Any CPU.Build.0 = Debug|Any CPU
		{749D175E-927F-4C7D-BE93-5739C8FAD35F}.Release|Any CPU.ActiveCfg = Release|Any CPU
		{749D175E-927F-4C7D-BE93-5739C8FAD35F}.Release|Any CPU.Build.0 = Release|Any CPU
	EndGlobalSection
	GlobalSection(SolutionProperties) = preSolution
		HideSolutionNode = FALSE
	EndGlobalSection
	GlobalSection(ExtensibilityGlobals) = postSolution
		SolutionGuid = {D4699ACB-9DAA-4198-A2E8-68DEC43DBDB2}
	EndGlobalSection
EndGlobal
